
Microsoft Visual Studio Solution File, Format Version 12.00
# Visual Studio 15
VisualStudioVersion = 15.0.27004.2010
MinimumVisualStudioVersion = 10.0.40219.1
Project("{FAE04EC0-301F-11D3-BF4B-00C04F79EFBC}") = "ServerSessionStateWebService", "ServerSessionStateWebService\ServerSessionStateWebService.csproj", "{D7410D96-9644-4D8F-A6EE-C7EC34BEEF2B}"
EndProject
Project("{FAE04EC0-301F-11D3-BF4B-00C04F79EFBC}") = "ClientSessionState", "ClientSessionState\ClientSessionState.csproj", "{3A1BDFC0-31ED-497B-9C32-32D61D4EA5C7}"
	ProjectSection(ProjectDependencies) = postProject
		{D7410D96-9644-4D8F-A6EE-C7EC34BEEF2B} = {D7410D96-9644-4D8F-A6EE-C7EC34BEEF2B}
	EndProjectSection
EndProject
Global
	GlobalSection(SolutionConfigurationPlatforms) = preSolution
		Debug|Any CPU = Debug|Any CPU
		Release|Any CPU = Release|Any CPU
	EndGlobalSection
	GlobalSection(ProjectConfigurationPlatforms) = postSolution
		{D7410D96-9644-4D8F-A6EE-C7EC34BEEF2B}.Debug|Any CPU.ActiveCfg = Debug|Any CPU
		{D7410D96-9644-4D8F-A6EE-C7EC34BEEF2B}.Debug|Any CPU.Build.0 = Debug|Any CPU
		{D7410D96-9644-4D8F-A6EE-C7EC34BEEF2B}.Release|Any CPU.ActiveCfg = Release|Any CPU
		{D7410D96-9644-4D8F-A6EE-C7EC34BEEF2B}.Release|Any CPU.Build.0 = Release|Any CPU
		{3A1BDFC0-31ED-497B-9C32-32D61D4EA5C7}.Debug|Any CPU.ActiveCfg = Debug|Any CPU
		{3A1BDFC0-31ED-497B-9C32-32D61D4EA5C7}.Debug|Any CPU.Build.0 = Debug|Any CPU
		{3A1BDFC0-31ED-497B-9C32-32D61D4EA5C7}.Release|Any CPU.ActiveCfg = Release|Any CPU
		{3A1BDFC0-31ED-497B-9C32-32D61D4EA5C7}.Release|Any CPU.Build.0 = Release|Any CPU
	EndGlobalSection
	GlobalSection(SolutionProperties) = preSolution
		HideSolutionNode = FALSE
	EndGlobalSection
	GlobalSection(ExtensibilityGlobals) = postSolution
		SolutionGuid = {1E542776-F463-47FB-8184-E3CC833C563D}
	EndGlobalSection
EndGlobal
